// !$*UTF8*$!
{
	archiveVersion = 1;
	classes = {
	};
	objectVersion = 56;
	objects = {

/* Begin PBXBuildFile section */
		1F1131872F0DBFAC002BDD00 /* BridgeAppTests.swift in Sources */ = {isa = PBXBuildFile; fileRef = 1F1131862F0DBFAC002BDD00 /* BridgeAppTests.swift */; };
		1F1131912F0DBFAC002BDD00 /* BridgeAppUITests.swift in Sources */ = {isa = PBXBuildFile; fileRef = 1F1131902F0DBFAC002BDD00 /* BridgeAppUITests.swift */; };
		1F1131932F0DBFAC002BDD00 /* BridgeAppUITestsLaunchTests.swift in Sources */ = {isa = PBXBuildFile; fileRef = 1F1131922F0DBFAC002BDD00 /* BridgeAppUITestsLaunchTests.swift */; };
		1FFC3C2D2F0DF60B00124122 /* CategoryManager.swift in Sources */ = {isa = PBXBuildFile; fileRef = 1FFC3C192F0DF60B00124122 /* CategoryManager.swift */; };
		1FFC3C312F0DF60B00124122 /* CategorySettingsView.swift in Sources */ = {isa = PBXBuildFile; fileRef = 1FFC3C1E2F0DF60B00124122 /* CategorySettingsView.swift */; };
		1FFC3C322F0DF60B00124122 /* .gitignore in Resources */ = {isa = PBXBuildFile; fileRef = 1FFC3C1F2F0DF60B00124122 /* .gitignore */; };
		1FFC3C372F0DF60B00124122 /* NoteService.swift in Sources */ = {isa = PBXBuildFile; fileRef = 1FFC3C242F0DF60B00124122 /* NoteService.swift */; };
		1FFC3C382F0DF60B00124122 /* BridgeAppTests.swift in Sources */ = {isa = PBXBuildFile; fileRef = 1FFC3C262F0DF60B00124122 /* BridgeAppTests.swift */; };
		1FFC3C392F0DF60B00124122 /* BridgeAppUITestsLaunchTests.swift in Sources */ = {isa = PBXBuildFile; fileRef = 1FFC3C2B2F0DF60B00124122 /* BridgeAppUITestsLaunchTests.swift */; };
		1FFC3C3A2F0DF60B00124122 /* BridgeAppUITests.swift in Sources */ = {isa = PBXBuildFile; fileRef = 1FFC3C2C2F0DF60B00124122 /* BridgeAppUITests.swift */; };
		1FFC3C452F0DF6FE00124122 /* Assets.xcassets in Resources */ = {isa = PBXBuildFile; fileRef = 1FFC3C3C2F0DF6FD00124122 /* Assets.xcassets */; };
		1FFC3C462F0DF6FE00124122 /* Preview Content in Resources */ = {isa = PBXBuildFile; fileRef = 1FFC3C3D2F0DF6FD00124122 /* Preview Content */; };
		1FFC3C472F0DF6FE00124122 /* ReminderService.swift in Sources */ = {isa = PBXBuildFile; fileRef = 1FFC3C3E2F0DF6FD00124122 /* ReminderService.swift */; };
		1FFC3C482F0DF6FE00124122 /* Models.swift in Sources */ = {isa = PBXBuildFile; fileRef = 1FFC3C3F2F0DF6FD00124122 /* Models.swift */; };
		1FFC3C4A2F0DF6FE00124122 /* ContentView.swift in Sources */ = {isa = PBXBuildFile; fileRef = 1FFC3C412F0DF6FD00124122 /* ContentView.swift */; };
		1FFC3C4B2F0DF6FE00124122 /* BridgeApp.swift in Sources */ = {isa = PBXBuildFile; fileRef = 1FFC3C422F0DF6FE00124122 /* BridgeApp.swift */; };
		1FFC3C4C2F0DF6FE00124122 /* Preview Assets.xcassets in Resources */ = {isa = PBXBuildFile; fileRef = 1FFC3C432F0DF6FE00124122 /* Preview Assets.xcassets */; };
		1FFD6D642F0DDCD5007FE5D4 /* NoteService.swift in Sources */ = {isa = PBXBuildFile; fileRef = 1FFD6D632F0DDCD5007FE5D4 /* NoteService.swift */; };
/* End PBXBuildFile section */

/* Begin PBXContainerItemProxy section */
		1F1131832F0DBFAC002BDD00 /* PBXContainerItemProxy */ = {
			isa = PBXContainerItemProxy;
			containerPortal = 1F11316A2F0DBFA7002BDD00 /* Project object */;
			proxyType = 1;
			remoteGlobalIDString = 1F1131712F0DBFA7002BDD00;
			remoteInfo = BridgeApp;
		};
		1F11318D2F0DBFAC002BDD00 /* PBXContainerItemProxy */ = {
			isa = PBXContainerItemProxy;
			containerPortal = 1F11316A2F0DBFA7002BDD00 /* Project object */;
			proxyType = 1;
			remoteGlobalIDString = 1F1131712F0DBFA7002BDD00;
			remoteInfo = BridgeApp;
		};
/* End PBXContainerItemProxy section */

/* Begin PBXFileReference section */
		1F1131722F0DBFA7002BDD00 /* BridgeApp.app */ = {isa = PBXFileReference; explicitFileType = wrapper.application; includeInIndex = 0; path = BridgeApp.app; sourceTree = BUILT_PRODUCTS_DIR; };
		1F1131822F0DBFAC002BDD00 /* BridgeAppTests.xctest */ = {isa = PBXFileReference; explicitFileType = wrapper.cfbundle; includeInIndex = 0; path = BridgeAppTests.xctest; sourceTree = BUILT_PRODUCTS_DIR; };
		1F1131862F0DBFAC002BDD00 /* BridgeAppTests.swift */ = {isa = PBXFileReference; lastKnownFileType = sourcecode.swift; path = BridgeAppTests.swift; sourceTree = "<group>"; };
		1F11318C2F0DBFAC002BDD00 /* BridgeAppUITests.xctest */ = {isa = PBXFileReference; explicitFileType = wrapper.cfbundle; includeInIndex = 0; path = BridgeAppUITests.xctest; sourceTree = BUILT_PRODUCTS_DIR; };
		1F1131902F0DBFAC002BDD00 /* BridgeAppUITests.swift */ = {isa = PBXFileReference; lastKnownFileType = sourcecode.swift; path = BridgeAppUITests.swift; sourceTree = "<group>"; };
		1F1131922F0DBFAC002BDD00 /* BridgeAppUITestsLaunchTests.swift */ = {isa = PBXFileReference; lastKnownFileType = sourcecode.swift; path = BridgeAppUITestsLaunchTests.swift; sourceTree = "<group>"; };
		1FFC3C192F0DF60B00124122 /* CategoryManager.swift */ = {isa = PBXFileReference; fileEncoding = 4; lastKnownFileType = sourcecode.swift; path = CategoryManager.swift; sourceTree = "<group>"; };
		1FFC3C1E2F0DF60B00124122 /* CategorySettingsView.swift */ = {isa = PBXFileReference; fileEncoding = 4; lastKnownFileType = sourcecode.swift; path = CategorySettingsView.swift; sourceTree = "<group>"; };
		1FFC3C1F2F0DF60B00124122 /* .gitignore */ = {isa = PBXFileReference; fileEncoding = 4; lastKnownFileType = text; path = .gitignore; sourceTree = "<group>"; };
		1FFC3C242F0DF60B00124122 /* NoteService.swift */ = {isa = PBXFileReference; fileEncoding = 4; lastKnownFileType = sourcecode.swift; path = NoteService.swift; sourceTree = "<group>"; };
		1FFC3C262F0DF60B00124122 /* BridgeAppTests.swift */ = {isa = PBXFileReference; fileEncoding = 4; lastKnownFileType = sourcecode.swift; path = BridgeAppTests.swift; sourceTree = "<group>"; };
		1FFC3C272F0DF60B00124122 /* BridgeApp.xcodeproj */ = {isa = PBXFileReference; lastKnownFileType = "wrapper.pb-project"; path = BridgeApp.xcodeproj; sourceTree = "<group>"; };
		1FFC3C2B2F0DF60B00124122 /* BridgeAppUITestsLaunchTests.swift */ = {isa = PBXFileReference; fileEncoding = 4; lastKnownFileType = sourcecode.swift; path = BridgeAppUITestsLaunchTests.swift; sourceTree = "<group>"; };
		1FFC3C2C2F0DF60B00124122 /* BridgeAppUITests.swift */ = {isa = PBXFileReference; fileEncoding = 4; lastKnownFileType = sourcecode.swift; path = BridgeAppUITests.swift; sourceTree = "<group>"; };
		1FFC3C3C2F0DF6FD00124122 /* Assets.xcassets */ = {isa = PBXFileReference; lastKnownFileType = folder.assetcatalog; path = Assets.xcassets; sourceTree = "<group>"; };
		1FFC3C3D2F0DF6FD00124122 /* Preview Content */ = {isa = PBXFileReference; lastKnownFileType = folder; path = "Preview Content"; sourceTree = "<group>"; };
		1FFC3C3E2F0DF6FD00124122 /* ReminderService.swift */ = {isa = PBXFileReference; fileEncoding = 4; lastKnownFileType = sourcecode.swift; path = ReminderService.swift; sourceTree = "<group>"; };
		1FFC3C3F2F0DF6FD00124122 /* Models.swift */ = {isa = PBXFileReference; fileEncoding = 4; lastKnownFileType = sourcecode.swift; path = Models.swift; sourceTree = "<group>"; };
		1FFC3C402F0DF6FD00124122 /* Info.plist */ = {isa = PBXFileReference; fileEncoding = 4; lastKnownFileType = text.plist.xml; path = Info.plist; sourceTree = "<group>"; };
		1FFC3C412F0DF6FD00124122 /* ContentView.swift */ = {isa = PBXFileReference; fileEncoding = 4; lastKnownFileType = sourcecode.swift; path = ContentView.swift; sourceTree = "<group>"; };
		1FFC3C422F0DF6FE00124122 /* BridgeApp.swift */ = {isa = PBXFileReference; fileEncoding = 4; lastKnownFileType = sourcecode.swift; path = BridgeApp.swift; sourceTree = "<group>"; };
		1FFC3C432F0DF6FE00124122 /* Preview Assets.xcassets */ = {isa = PBXFileReference; lastKnownFileType = folder.assetcatalog; path = "Preview Assets.xcassets"; sourceTree = "<group>"; };
		1FFD6D632F0DDCD5007FE5D4 /* NoteService.swift */ = {isa = PBXFileReference; lastKnownFileType = sourcecode.swift; path = NoteService.swift; sourceTree = "<group>"; };
/* End PBXFileReference section */

/* Begin PBXFrameworksBuildPhase section */
		1F11316F2F0DBFA7002BDD00 /* Frameworks */ = {
			isa = PBXFrameworksBuildPhase;
			buildActionMask = 2147483647;
			files = (
			);
			runOnlyForDeploymentPostprocessing = 0;
		};
		1F11317F2F0DBFAC002BDD00 /* Frameworks */ = {
			isa = PBXFrameworksBuildPhase;
			buildActionMask = 2147483647;
			files = (
			);
			runOnlyForDeploymentPostprocessing = 0;
		};
		1F1131892F0DBFAC002BDD00 /* Frameworks */ = {
			isa = PBXFrameworksBuildPhase;
			buildActionMask = 2147483647;
			files = (
			);
			runOnlyForDeploymentPostprocessing = 0;
		};
/* End PBXFrameworksBuildPhase section */

/* Begin PBXGroup section */
		1F1131692F0DBFA7002BDD00 = {
			isa = PBXGroup;
			children = (
				1FFC3C1F2F0DF60B00124122 /* .gitignore */,
				1FFC3C1E2F0DF60B00124122 /* CategorySettingsView.swift */,
				1FFC3C192F0DF60B00124122 /* CategoryManager.swift */,
				1FFC3C3C2F0DF6FD00124122 /* Assets.xcassets */,
				1FFC3C422F0DF6FE00124122 /* BridgeApp.swift */,
				1FFC3C412F0DF6FD00124122 /* ContentView.swift */,
				1FFC3C402F0DF6FD00124122 /* Info.plist */,
				1FFC3C3F2F0DF6FD00124122 /* Models.swift */,
				1FFC3C432F0DF6FE00124122 /* Preview Assets.xcassets */,
				1FFC3C3D2F0DF6FD00124122 /* Preview Content */,
				1FFC3C3E2F0DF6FD00124122 /* ReminderService.swift */,
				1FFC3C172F0DF60B00124122 /* BridgeApp */,
				1FFD6D632F0DDCD5007FE5D4 /* NoteService.swift */,
				1F1131852F0DBFAC002BDD00 /* BridgeAppTests */,
				1F11318F2F0DBFAC002BDD00 /* BridgeAppUITests */,
				1F1131732F0DBFA7002BDD00 /* Products */,
			);
			sourceTree = "<group>";
		};
		1F1131732F0DBFA7002BDD00 /* Products */ = {
			isa = PBXGroup;
			children = (
				1F1131722F0DBFA7002BDD00 /* BridgeApp.app */,
				1F1131822F0DBFAC002BDD00 /* BridgeAppTests.xctest */,
				1F11318C2F0DBFAC002BDD00 /* BridgeAppUITests.xctest */,
			);
			name = Products;
			sourceTree = "<group>";
		};
		1F1131852F0DBFAC002BDD00 /* BridgeAppTests */ = {
			isa = PBXGroup;
			children = (
				1F1131862F0DBFAC002BDD00 /* BridgeAppTests.swift */,
			);
			path = BridgeAppTests;
			sourceTree = "<group>";
		};
		1F11318F2F0DBFAC002BDD00 /* BridgeAppUITests */ = {
			isa = PBXGroup;
			children = (
				1F1131902F0DBFAC002BDD00 /* BridgeAppUITests.swift */,
				1F1131922F0DBFAC002BDD00 /* BridgeAppUITestsLaunchTests.swift */,
			);
			path = BridgeAppUITests;
			sourceTree = "<group>";
		};
		1FFC3C172F0DF60B00124122 /* BridgeApp */ = {
			isa = PBXGroup;
			children = (
				1FFC3C242F0DF60B00124122 /* NoteService.swift */,
				1FFC3C252F0DF60B00124122 /* BridgeAppTests */,
				1FFC3C272F0DF60B00124122 /* BridgeApp.xcodeproj */,
				1FFC3C2A2F0DF60B00124122 /* BridgeAppUITests */,
			);
			name = BridgeApp;
			sourceTree = "<group>";
		};
		1FFC3C252F0DF60B00124122 /* BridgeAppTests */ = {
			isa = PBXGroup;
			children = (
				1FFC3C262F0DF60B00124122 /* BridgeAppTests.swift */,
			);
			path = BridgeAppTests;
			sourceTree = "<group>";
		};
		1FFC3C282F0DF60B00124122 /* Products */ = {
			isa = PBXGroup;
			name = Products;
			sourceTree = "<group>";
		};
		1FFC3C2A2F0DF60B00124122 /* BridgeAppUITests */ = {
			isa = PBXGroup;
			children = (
				1FFC3C2B2F0DF60B00124122 /* BridgeAppUITestsLaunchTests.swift */,
				1FFC3C2C2F0DF60B00124122 /* BridgeAppUITests.swift */,
			);
			path = BridgeAppUITests;
			sourceTree = "<group>";
		};
/* End PBXGroup section */

/* Begin PBXNativeTarget section */
		1F1131712F0DBFA7002BDD00 /* BridgeApp */ = {
			isa = PBXNativeTarget;
			buildConfigurationList = 1F1131962F0DBFAC002BDD00 /* Build configuration list for PBXNativeTarget "BridgeApp" */;
			buildPhases = (
				1F11316E2F0DBFA7002BDD00 /* Sources */,
				1F11316F2F0DBFA7002BDD00 /* Frameworks */,
				1F1131702F0DBFA7002BDD00 /* Resources */,
			);
			buildRules = (
			);
			dependencies = (
			);
			name = BridgeApp;
			productName = BridgeApp;
			productReference = 1F1131722F0DBFA7002BDD00 /* BridgeApp.app */;
			productType = "com.apple.product-type.application";
		};
		1F1131812F0DBFAC002BDD00 /* BridgeAppTests */ = {
			isa = PBXNativeTarget;
			buildConfigurationList = 1F1131992F0DBFAC002BDD00 /* Build configuration list for PBXNativeTarget "BridgeAppTests" */;
			buildPhases = (
				1F11317E2F0DBFAC002BDD00 /* Sources */,
				1F11317F2F0DBFAC002BDD00 /* Frameworks */,
				1F1131802F0DBFAC002BDD00 /* Resources */,
			);
			buildRules = (
			);
			dependencies = (
				1F1131842F0DBFAC002BDD00 /* PBXTargetDependency */,
			);
			name = BridgeAppTests;
			productName = BridgeAppTests;
			productReference = 1F1131822F0DBFAC002BDD00 /* BridgeAppTests.xctest */;
			productType = "com.apple.product-type.bundle.unit-test";
		};
		1F11318B2F0DBFAC002BDD00 /* BridgeAppUITests */ = {
			isa = PBXNativeTarget;
			buildConfigurationList = 1F11319C2F0DBFAC002BDD00 /* Build configuration list for PBXNativeTarget "BridgeAppUITests" */;
			buildPhases = (
				1F1131882F0DBFAC002BDD00 /* Sources */,
				1F1131892F0DBFAC002BDD00 /* Frameworks */,
				1F11318A2F0DBFAC002BDD00 /* Resources */,
			);
			buildRules = (
			);
			dependencies = (
				1F11318E2F0DBFAC002BDD00 /* PBXTargetDependency */,
			);
			name = BridgeAppUITests;
			productName = BridgeAppUITests;
			productReference = 1F11318C2F0DBFAC002BDD00 /* BridgeAppUITests.xctest */;
			productType = "com.apple.product-type.bundle.ui-testing";
		};
/* End PBXNativeTarget section */

/* Begin PBXProject section */
		1F11316A2F0DBFA7002BDD00 /* Project object */ = {
			isa = PBXProject;
			attributes = {
				BuildIndependentTargetsInParallel = 1;
				LastSwiftUpdateCheck = 1520;
				LastUpgradeCheck = 1520;
				TargetAttributes = {
					1F1131712F0DBFA7002BDD00 = {
						CreatedOnToolsVersion = 15.2;
					};
					1F1131812F0DBFAC002BDD00 = {
						CreatedOnToolsVersion = 15.2;
						TestTargetID = 1F1131712F0DBFA7002BDD00;
					};
					1F11318B2F0DBFAC002BDD00 = {
						CreatedOnToolsVersion = 15.2;
						TestTargetID = 1F1131712F0DBFA7002BDD00;
					};
				};
			};
			buildConfigurationList = 1F11316D2F0DBFA7002BDD00 /* Build configuration list for PBXProject "BridgeApp" */;
			compatibilityVersion = "Xcode 14.0";
			developmentRegion = en;
			hasScannedForEncodings = 0;
			knownRegions = (
				en,
				Base,
			);
			mainGroup = 1F1131692F0DBFA7002BDD00;
			productRefGroup = 1F1131732F0DBFA7002BDD00 /* Products */;
			projectDirPath = "";
			projectReferences = (
				{
					ProductGroup = 1FFC3C282F0DF60B00124122 /* Products */;
					ProjectRef = 1FFC3C272F0DF60B00124122 /* BridgeApp.xcodeproj */;
				},
			);
			projectRoot = "";
			targets = (
				1F1131712F0DBFA7002BDD00 /* BridgeApp */,
				1F1131812F0DBFAC002BDD00 /* BridgeAppTests */,
				1F11318B2F0DBFAC002BDD00 /* BridgeAppUITests */,
			);
		};
/* End PBXProject section */

/* Begin PBXResourcesBuildPhase section */
		1F1131702F0DBFA7002BDD00 /* Resources */ = {
			isa = PBXResourcesBuildPhase;
			buildActionMask = 2147483647;
			files = (
				1FFC3C322F0DF60B00124122 /* .gitignore in Resources */,
				1FFC3C462F0DF6FE00124122 /* Preview Content in Resources */,
				1FFC3C4C2F0DF6FE00124122 /* Preview Assets.xcassets in Resources */,
				1FFC3C452F0DF6FE00124122 /* Assets.xcassets in Resources */,
			);
			runOnlyForDeploymentPostprocessing = 0;
		};
		1F1131802F0DBFAC002BDD00 /* Resources */ = {
			isa = PBXResourcesBuildPhase;
			buildActionMask = 2147483647;
			files = (
			);
			runOnlyForDeploymentPostprocessing = 0;
		};
		1F11318A2F0DBFAC002BDD00 /* Resources */ = {
			isa = PBXResourcesBuildPhase;
			buildActionMask = 2147483647;
			files = (
			);
			runOnlyForDeploymentPostprocessing = 0;
		};
/* End PBXResourcesBuildPhase section */

/* Begin PBXSourcesBuildPhase section */
		1F11316E2F0DBFA7002BDD00 /* Sources */ = {
			isa = PBXSourcesBuildPhase;
			buildActionMask = 2147483647;
			files = (
				1FFC3C472F0DF6FE00124122 /* ReminderService.swift in Sources */,
				1FFD6D642F0DDCD5007FE5D4 /* NoteService.swift in Sources */,
				1FFC3C4B2F0DF6FE00124122 /* BridgeApp.swift in Sources */,
				1FFC3C2D2F0DF60B00124122 /* CategoryManager.swift in Sources */,
				1FFC3C4A2F0DF6FE00124122 /* ContentView.swift in Sources */,
				1FFC3C312F0DF60B00124122 /* CategorySettingsView.swift in Sources */,
				1FFC3C482F0DF6FE00124122 /* Models.swift in Sources */,
			);
			runOnlyForDeploymentPostprocessing = 0;
		};
		1F11317E2F0DBFAC002BDD00 /* Sources */ = {
			isa = PBXSourcesBuildPhase;
			buildActionMask = 2147483647;
			files = (
				1F1131872F0DBFAC002BDD00 /* BridgeAppTests.swift in Sources */,
			);
			runOnlyForDeploymentPostprocessing = 0;
		};
		1F1131882F0DBFAC002BDD00 /* Sources */ = {
			isa = PBXSourcesBuildPhase;
			buildActionMask = 2147483647;
			files = (
				1F1131912F0DBFAC002BDD00 /* BridgeAppUITests.swift in Sources */,
				1F1131932F0DBFAC002BDD00 /* BridgeAppUITestsLaunchTests.swift in Sources */,
			);
			runOnlyForDeploymentPostprocessing = 0;
		};
/* End PBXSourcesBuildPhase section */

/* Begin PBXTargetDependency section */
		1F1131842F0DBFAC002BDD00 /* PBXTargetDependency */ = {
			isa = PBXTargetDependency;
			target = 1F1131712F0DBFA7002BDD00 /* BridgeApp */;
			targetProxy = 1F1131832F0DBFAC002BDD00 /* PBXContainerItemProxy */;
		};
		1F11318E2F0DBFAC002BDD00 /* PBXTargetDependency */ = {
			isa = PBXTargetDependency;
			target = 1F1131712F0DBFA7002BDD00 /* BridgeApp */;
			targetProxy = 1F11318D2F0DBFAC002BDD00 /* PBXContainerItemProxy */;
		};
/* End PBXTargetDependency section */

/* Begin XCBuildConfiguration section */
		1F1131942F0DBFAC002BDD00 /* Debug */ = {
			isa = XCBuildConfiguration;
			buildSettings = {
				ALWAYS_SEARCH_USER_PATHS = NO;
				ASSETCATALOG_COMPILER_GENERATE_SWIFT_ASSET_SYMBOL_EXTENSIONS = YES;
				CLANG_ANALYZER_NONNULL = YES;
				CLANG_ANALYZER_NUMBER_OBJECT_CONVERSION = YES_AGGRESSIVE;
				CLANG_CXX_LANGUAGE_STANDARD = "gnu++20";
				CLANG_ENABLE_MODULES = YES;
				CLANG_ENABLE_OBJC_ARC = YES;
				CLANG_ENABLE_OBJC_WEAK = YES;
				CLANG_WARN_BLOCK_CAPTURE_AUTORELEASING = YES;
				CLANG_WARN_BOOL_CONVERSION = YES;
				CLANG_WARN_COMMA = YES;
				CLANG_WARN_CONSTANT_CONVERSION = YES;
				CLANG_WARN_DEPRECATED_OBJC_IMPLEMENTATIONS = YES;
				CLANG_WARN_DIRECT_OBJC_ISA_USAGE = YES_ERROR;
				CLANG_WARN_DOCUMENTATION_COMMENTS = YES;
				CLANG_WARN_EMPTY_BODY = YES;
				CLANG_WARN_ENUM_CONVERSION = YES;
				CLANG_WARN_INFINITE_RECURSION = YES;
				CLANG_WARN_INT_CONVERSION = YES;
				CLANG_WARN_NON_LITERAL_NULL_CONVERSION = YES;
				CLANG_WARN_OBJC_IMPLICIT_RETAIN_SELF = YES;
				CLANG_WARN_OBJC_LITERAL_CONVERSION = YES;
				CLANG_WARN_OBJC_ROOT_CLASS = YES_ERROR;
				CLANG_WARN_QUOTED_INCLUDE_IN_FRAMEWORK_HEADER = YES;
				CLANG_WARN_RANGE_LOOP_ANALYSIS = YES;
				CLANG_WARN_STRICT_PROTOTYPES = YES;
				CLANG_WARN_SUSPICIOUS_MOVE = YES;
				CLANG_WARN_UNGUARDED_AVAILABILITY = YES_AGGRESSIVE;
				CLANG_WARN_UNREACHABLE_CODE = YES;
				CLANG_WARN__DUPLICATE_METHOD_MATCH = YES;
				COPY_PHASE_STRIP = NO;
				DEBUG_INFORMATION_FORMAT = dwarf;
				ENABLE_STRICT_OBJC_MSGSEND = YES;
				ENABLE_TESTABILITY = YES;
				ENABLE_USER_SCRIPT_SANDBOXING = YES;
				GCC_C_LANGUAGE_STANDARD = gnu17;
				GCC_DYNAMIC_NO_PIC = NO;
				GCC_NO_COMMON_BLOCKS = YES;
				GCC_OPTIMIZATION_LEVEL = 0;
				GCC_PREPROCESSOR_DEFINITIONS = (
					"DEBUG=1",
					"$(inherited)",
				);
				GCC_WARN_64_TO_32_BIT_CONVERSION = YES;
				GCC_WARN_ABOUT_RETURN_TYPE = YES_ERROR;
				GCC_WARN_UNDECLARED_SELECTOR = YES;
				GCC_WARN_UNINITIALIZED_AUTOS = YES_AGGRESSIVE;
				GCC_WARN_UNUSED_FUNCTION = YES;
				GCC_WARN_UNUSED_VARIABLE = YES;
				IPHONEOS_DEPLOYMENT_TARGET = 17.2;
				LOCALIZATION_PREFERS_STRING_CATALOGS = YES;
				MTL_ENABLE_DEBUG_INFO = INCLUDE_SOURCE;
				MTL_FAST_MATH = YES;
				ONLY_ACTIVE_ARCH = YES;
				SDKROOT = iphoneos;
				SWIFT_ACTIVE_COMPILATION_CONDITIONS = "DEBUG $(inherited)";
				SWIFT_OPTIMIZATION_LEVEL = "-Onone";
			};
			name = Debug;
		};
		1F1131952F0DBFAC002BDD00 /* Release */ = {
			isa = XCBuildConfiguration;
			buildSettings = {
				ALWAYS_SEARCH_USER_PATHS = NO;
				ASSETCATALOG_COMPILER_GENERATE_SWIFT_ASSET_SYMBOL_EXTENSIONS = YES;
				CLANG_ANALYZER_NONNULL = YES;
				CLANG_ANALYZER_NUMBER_OBJECT_CONVERSION = YES_AGGRESSIVE;
				CLANG_CXX_LANGUAGE_STANDARD = "gnu++20";
				CLANG_ENABLE_MODULES = YES;
				CLANG_ENABLE_OBJC_ARC = YES;
				CLANG_ENABLE_OBJC_WEAK = YES;
				CLANG_WARN_BLOCK_CAPTURE_AUTORELEASING = YES;
				CLANG_WARN_BOOL_CONVERSION = YES;
				CLANG_WARN_COMMA = YES;
				CLANG_WARN_CONSTANT_CONVERSION = YES;
				CLANG_WARN_DEPRECATED_OBJC_IMPLEMENTATIONS = YES;
				CLANG_WARN_DIRECT_OBJC_ISA_USAGE = YES_ERROR;
				CLANG_WARN_DOCUMENTATION_COMMENTS = YES;
				CLANG_WARN_EMPTY_BODY = YES;
				CLANG_WARN_ENUM_CONVERSION = YES;
				CLANG_WARN_INFINITE_RECURSION = YES;
				CLANG_WARN_INT_CONVERSION = YES;
				CLANG_WARN_NON_LITERAL_NULL_CONVERSION = YES;
				CLANG_WARN_OBJC_IMPLICIT_RETAIN_SELF = YES;
				CLANG_WARN_OBJC_LITERAL_CONVERSION = YES;
				CLANG_WARN_OBJC_ROOT_CLASS = YES_ERROR;
				CLANG_WARN_QUOTED_INCLUDE_IN_FRAMEWORK_HEADER = YES;
				CLANG_WARN_RANGE_LOOP_ANALYSIS = YES;
				CLANG_WARN_STRICT_PROTOTYPES = YES;
				CLANG_WARN_SUSPICIOUS_MOVE = YES;
				CLANG_WARN_UNGUARDED_AVAILABILITY = YES_AGGRESSIVE;
				CLANG_WARN_UNREACHABLE_CODE = YES;
				CLANG_WARN__DUPLICATE_METHOD_MATCH = YES;
				COPY_PHASE_STRIP = NO;
				DEBUG_INFORMATION_FORMAT = "dwarf-with-dsym";
				ENABLE_NS_ASSERTIONS = NO;
				ENABLE_STRICT_OBJC_MSGSEND = YES;
				ENABLE_USER_SCRIPT_SANDBOXING = YES;
				GCC_C_LANGUAGE_STANDARD = gnu17;
				GCC_NO_COMMON_BLOCKS = YES;
				GCC_WARN_64_TO_32_BIT_CONVERSION = YES;
				GCC_WARN_ABOUT_RETURN_TYPE = YES_ERROR;
				GCC_WARN_UNDECLARED_SELECTOR = YES;
				GCC_WARN_UNINITIALIZED_AUTOS = YES_AGGRESSIVE;
				GCC_WARN_UNUSED_FUNCTION = YES;
				GCC_WARN_UNUSED_VARIABLE = YES;
				IPHONEOS_DEPLOYMENT_TARGET = 17.2;
				LOCALIZATION_PREFERS_STRING_CATALOGS = YES;
				MTL_ENABLE_DEBUG_INFO = NO;
				MTL_FAST_MATH = YES;
				SDKROOT = iphoneos;
				SWIFT_COMPILATION_MODE = wholemodule;
				VALIDATE_PRODUCT = YES;
			};
			name = Release;
		};
		1F1131972F0DBFAC002BDD00 /* Debug */ = {
			isa = XCBuildConfiguration;
			buildSettings = {
				ASSETCATALOG_COMPILER_APPICON_NAME = AppIcon;
				ASSETCATALOG_COMPILER_GLOBAL_ACCENT_COLOR_NAME = AccentColor;
				CODE_SIGN_STYLE = Automatic;
				CURRENT_PROJECT_VERSION = 1;
				DEVELOPMENT_ASSET_PATHS = "\"Preview Content\"";
				DEVELOPMENT_TEAM = C6XH8LAD3Y;
				ENABLE_PREVIEWS = YES;
				GENERATE_INFOPLIST_FILE = NO;
				INFOPLIST_FILE = Info.plist;
				INFOPLIST_KEY_NSRemindersUsageDescription = "\"We need access to save your tasks to the correct Reminders list.\"";
				INFOPLIST_KEY_UIApplicationSceneManifest_Generation = YES;
				INFOPLIST_KEY_UIApplicationSupportsIndirectInputEvents = YES;
				INFOPLIST_KEY_UILaunchScreen_Generation = YES;
				INFOPLIST_KEY_UISupportedInterfaceOrientations_iPad = "UIInterfaceOrientationPortrait UIInterfaceOrientationPortraitUpsideDown UIInterfaceOrientationLandscapeLeft UIInterfaceOrientationLandscapeRight";
				INFOPLIST_KEY_UISupportedInterfaceOrientations_iPhone = "UIInterfaceOrientationPortrait UIInterfaceOrientationLandscapeLeft UIInterfaceOrientationLandscapeRight";
				LD_RUNPATH_SEARCH_PATHS = (
					"$(inherited)",
					"@executable_path/Frameworks",
				);
				MARKETING_VERSION = 1.0;
				PRODUCT_BUNDLE_IDENTIFIER = BreeInTech.BridgeApp;
				PRODUCT_NAME = "$(TARGET_NAME)";
				SWIFT_EMIT_LOC_STRINGS = YES;
				SWIFT_VERSION = 5.0;
				TARGETED_DEVICE_FAMILY = "1,2";
			};
			name = Debug;
		};
		1F1131982F0DBFAC002BDD00 /* Release */ = {
			isa = XCBuildConfiguration;
			buildSettings = {
				ASSETCATALOG_COMPILER_APPICON_NAME = AppIcon;
				ASSETCATALOG_COMPILER_GLOBAL_ACCENT_COLOR_NAME = AccentColor;
				CODE_SIGN_STYLE = Automatic;
				CURRENT_PROJECT_VERSION = 1;
				DEVELOPMENT_ASSET_PATHS = "\"Preview Content\"";
				DEVELOPMENT_TEAM = C6XH8LAD3Y;
				ENABLE_PREVIEWS = YES;
				GENERATE_INFOPLIST_FILE = NO;
				INFOPLIST_FILE = Info.plist;
				INFOPLIST_KEY_NSRemindersUsageDescription = "\"We need access to save your tasks to the correct Reminders list.\"";
				INFOPLIST_KEY_UIApplicationSceneManifest_Generation = YES;
				INFOPLIST_KEY_UIApplicationSupportsIndirectInputEvents = YES;
				INFOPLIST_KEY_UILaunchScreen_Generation = YES;
				INFOPLIST_KEY_UISupportedInterfaceOrientations_iPad = "UIInterfaceOrientationPortrait UIInterfaceOrientationPortraitUpsideDown UIInterfaceOrientationLandscapeLeft UIInterfaceOrientationLandscapeRight";
				INFOPLIST_KEY_UISupportedInterfaceOrientations_iPhone = "UIInterfaceOrientationPortrait UIInterfaceOrientationLandscapeLeft UIInterfaceOrientationLandscapeRight";
				LD_RUNPATH_SEARCH_PATHS = (
					"$(inherited)",
					"@executable_path/Frameworks",
				);
				MARKETING_VERSION = 1.0;
				PRODUCT_BUNDLE_IDENTIFIER = BreeInTech.BridgeApp;
				PRODUCT_NAME = "$(TARGET_NAME)";
				SWIFT_EMIT_LOC_STRINGS = YES;
				SWIFT_VERSION = 5.0;
				TARGETED_DEVICE_FAMILY = "1,2";
			};
			name = Release;
		};
		1F11319A2F0DBFAC002BDD00 /* Debug */ = {
			isa = XCBuildConfiguration;
			buildSettings = {
				ALWAYS_EMBED_SWIFT_STANDARD_LIBRARIES = YES;
				BUNDLE_LOADER = "$(TEST_HOST)";
				CODE_SIGN_STYLE = Automatic;
				CURRENT_PROJECT_VERSION = 1;
				DEVELOPMENT_TEAM = C6XH8LAD3Y;
				GENERATE_INFOPLIST_FILE = YES;
				IPHONEOS_DEPLOYMENT_TARGET = 17.2;
				MARKETING_VERSION = 1.0;
				PRODUCT_BUNDLE_IDENTIFIER = BreeInTech.BridgeAppTests;
				PRODUCT_NAME = "$(TARGET_NAME)";
				SWIFT_EMIT_LOC_STRINGS = NO;
				SWIFT_VERSION = 5.0;
				TARGETED_DEVICE_FAMILY = "1,2";
				TEST_HOST = "$(BUILT_PRODUCTS_DIR)/BridgeApp.app/$(BUNDLE_EXECUTABLE_FOLDER_PATH)/BridgeApp";
			};
			name = Debug;
		};
		1F11319B2F0DBFAC002BDD00 /* Release */ = {
			isa = XCBuildConfiguration;
			buildSettings = {
				ALWAYS_EMBED_SWIFT_STANDARD_LIBRARIES = YES;
				BUNDLE_LOADER = "$(TEST_HOST)";
				CODE_SIGN_STYLE = Automatic;
				CURRENT_PROJECT_VERSION = 1;
				DEVELOPMENT_TEAM = C6XH8LAD3Y;
				GENERATE_INFOPLIST_FILE = YES;
				IPHONEOS_DEPLOYMENT_TARGET = 17.2;
				MARKETING_VERSION = 1.0;
				PRODUCT_BUNDLE_IDENTIFIER = BreeInTech.BridgeAppTests;
				PRODUCT_NAME = "$(TARGET_NAME)";
				SWIFT_EMIT_LOC_STRINGS = NO;
				SWIFT_VERSION = 5.0;
				TARGETED_DEVICE_FAMILY = "1,2";
				TEST_HOST = "$(BUILT_PRODUCTS_DIR)/BridgeApp.app/$(BUNDLE_EXECUTABLE_FOLDER_PATH)/BridgeApp";
			};
			name = Release;
		};
		1F11319D2F0DBFAC002BDD00 /* Debug */ = {
			isa = XCBuildConfiguration;
			buildSettings = {
				ALWAYS_EMBED_SWIFT_STANDARD_LIBRARIES = YES;
				CODE_SIGN_STYLE = Automatic;
				CURRENT_PROJECT_VERSION = 1;
				DEVELOPMENT_TEAM = C6XH8LAD3Y;
				GENERATE_INFOPLIST_FILE = YES;
				MARKETING_VERSION = 1.0;
				PRODUCT_BUNDLE_IDENTIFIER = BreeInTech.BridgeAppUITests;
				PRODUCT_NAME = "$(TARGET_NAME)";
				SWIFT_EMIT_LOC_STRINGS = NO;
				SWIFT_VERSION = 5.0;
				TARGETED_DEVICE_FAMILY = "1,2";
				TEST_TARGET_NAME = BridgeApp;
			};
			name = Debug;
		};
		1F11319E2F0DBFAC002BDD00 /* Release */ = {
			isa = XCBuildConfiguration;
			buildSettings = {
				ALWAYS_EMBED_SWIFT_STANDARD_LIBRARIES = YES;
				CODE_SIGN_STYLE = Automatic;
				CURRENT_PROJECT_VERSION = 1;
				DEVELOPMENT_TEAM = C6XH8LAD3Y;
				GENERATE_INFOPLIST_FILE = YES;
				MARKETING_VERSION = 1.0;
				PRODUCT_BUNDLE_IDENTIFIER = BreeInTech.BridgeAppUITests;
				PRODUCT_NAME = "$(TARGET_NAME)";
				SWIFT_EMIT_LOC_STRINGS = NO;
				SWIFT_VERSION = 5.0;
				TARGETED_DEVICE_FAMILY = "1,2";
				TEST_TARGET_NAME = BridgeApp;
			};
			name = Release;
		};
/* End XCBuildConfiguration section */

/* Begin XCConfigurationList section */
		1F11316D2F0DBFA7002BDD00 /* Build configuration list for PBXProject "BridgeApp" */ = {
			isa = XCConfigurationList;
			buildConfigurations = (
				1F1131942F0DBFAC002BDD00 /* Debug */,
				1F1131952F0DBFAC002BDD00 /* Release */,
			);
			defaultConfigurationIsVisible = 0;
			defaultConfigurationName = Release;
		};
		1F1131962F0DBFAC002BDD00 /* Build configuration list for PBXNativeTarget "BridgeApp" */ = {
			isa = XCConfigurationList;
			buildConfigurations = (
				1F1131972F0DBFAC002BDD00 /* Debug */,
				1F1131982F0DBFAC002BDD00 /* Release */,
			);
			defaultConfigurationIsVisible = 0;
			defaultConfigurationName = Release;
		};
		1F1131992F0DBFAC002BDD00 /* Build configuration list for PBXNativeTarget "BridgeAppTests" */ = {
			isa = XCConfigurationList;
			buildConfigurations = (
				1F11319A2F0DBFAC002BDD00 /* Debug */,
				1F11319B2F0DBFAC002BDD00 /* Release */,
			);
			defaultConfigurationIsVisible = 0;
			defaultConfigurationName = Release;
		};
		1F11319C2F0DBFAC002BDD00 /* Build configuration list for PBXNativeTarget "BridgeAppUITests" */ = {
			isa = XCConfigurationList;
			buildConfigurations = (
				1F11319D2F0DBFAC002BDD00 /* Debug */,
				1F11319E2F0DBFAC002BDD00 /* Release */,
			);
			defaultConfigurationIsVisible = 0;
			defaultConfigurationName = Release;
		};
/* End XCConfigurationList section */
	};
	rootObject = 1F11316A2F0DBFA7002BDD00 /* Project object */;
}
